// !$*UTF8*$!
{
	archiveVersion = 1;
	classes = {
	};
	objectVersion = 55;
	objects = {

/* Begin PBXBuildFile section */
		860A06EF286B539400902121 /* Alamofire in Frameworks */ = {isa = PBXBuildFile; productRef = 860A06EE286B539400902121 /* Alamofire */; };
		860A06F2286B53E200902121 /* NetworkService.swift in Sources */ = {isa = PBXBuildFile; fileRef = 860A06F1286B53E200902121 /* NetworkService.swift */; };
		860A06F4286B548300902121 /* DecodableBook.swift in Sources */ = {isa = PBXBuildFile; fileRef = 860A06F3286B548300902121 /* DecodableBook.swift */; };
		860A06F6286C247900902121 /* RoundedButton.swift in Sources */ = {isa = PBXBuildFile; fileRef = 860A06F5286C247900902121 /* RoundedButton.swift */; };
		860A06F8286D69C400902121 /* String+Ext.swift in Sources */ = {isa = PBXBuildFile; fileRef = 860A06F7286D69C400902121 /* String+Ext.swift */; };
		860A06FA286F0E4C00902121 /* BookInfoView.swift in Sources */ = {isa = PBXBuildFile; fileRef = 860A06F9286F0E4C00902121 /* BookInfoView.swift */; };
		860A07372871DF7100902121 /* SearchCategory.swift in Sources */ = {isa = PBXBuildFile; fileRef = 860A07362871DF7100902121 /* SearchCategory.swift */; };
		860A07392871F0FE00902121 /* AddBookViewViewModel.swift in Sources */ = {isa = PBXBuildFile; fileRef = 860A07382871F0FE00902121 /* AddBookViewViewModel.swift */; };
		8631C25F285A698E00625E39 /* BookTrackerApp.swift in Sources */ = {isa = PBXBuildFile; fileRef = 8631C25E285A698E00625E39 /* BookTrackerApp.swift */; };
		8631C261285A698E00625E39 /* StopWatchView.swift in Sources */ = {isa = PBXBuildFile; fileRef = 8631C260285A698E00625E39 /* StopWatchView.swift */; };
		8631C263285A698F00625E39 /* Assets.xcassets in Resources */ = {isa = PBXBuildFile; fileRef = 8631C262285A698F00625E39 /* Assets.xcassets */; };
		8631C266285A698F00625E39 /* Preview Assets.xcassets in Resources */ = {isa = PBXBuildFile; fileRef = 8631C265285A698F00625E39 /* Preview Assets.xcassets */; };
		8631C26D285A6A9300625E39 /* Assets-Enum.swift in Sources */ = {isa = PBXBuildFile; fileRef = 8631C26C285A6A9300625E39 /* Assets-Enum.swift */; };
		8631C26F285A6D7800625E39 /* ProgressCircle.swift in Sources */ = {isa = PBXBuildFile; fileRef = 8631C26E285A6D7800625E39 /* ProgressCircle.swift */; };
		8631C271285A730D00625E39 /* StopWatchButton.swift in Sources */ = {isa = PBXBuildFile; fileRef = 8631C270285A730D00625E39 /* StopWatchButton.swift */; };
		8631C273285A741100625E39 /* Colors+Ext.swift in Sources */ = {isa = PBXBuildFile; fileRef = 8631C272285A741100625E39 /* Colors+Ext.swift */; };
		863F658D2872E61300FFBEE8 /* Realm in Frameworks */ = {isa = PBXBuildFile; productRef = 863F658C2872E61300FFBEE8 /* Realm */; };
		863F658F2872E61300FFBEE8 /* RealmSwift in Frameworks */ = {isa = PBXBuildFile; productRef = 863F658E2872E61300FFBEE8 /* RealmSwift */; };
		863F65912873542F00FFBEE8 /* Conversion.swift in Sources */ = {isa = PBXBuildFile; fileRef = 863F65902873542F00FFBEE8 /* Conversion.swift */; };
		863F65952873580B00FFBEE8 /* LocalOnlyContentView.swift in Sources */ = {isa = PBXBuildFile; fileRef = 863F65942873580B00FFBEE8 /* LocalOnlyContentView.swift */; };
		863F65972873592600FFBEE8 /* EmptyView.swift in Sources */ = {isa = PBXBuildFile; fileRef = 863F65962873592600FFBEE8 /* EmptyView.swift */; };
		86802CDA285C971E00978A6D /* ViewRouter.swift in Sources */ = {isa = PBXBuildFile; fileRef = 86802CD9285C971E00978A6D /* ViewRouter.swift */; };
		86802CDC285C994B00978A6D /* TabBarIcon.swift in Sources */ = {isa = PBXBuildFile; fileRef = 86802CDB285C994B00978A6D /* TabBarIcon.swift */; };
		86802CDE285C9ADA00978A6D /* HomeView.swift in Sources */ = {isa = PBXBuildFile; fileRef = 86802CDD285C9ADA00978A6D /* HomeView.swift */; };
		86802CE0285C9AE100978A6D /* MoreView.swift in Sources */ = {isa = PBXBuildFile; fileRef = 86802CDF285C9AE100978A6D /* MoreView.swift */; };
		86802CE6285CA5DE00978A6D /* BookCategoryButton.swift in Sources */ = {isa = PBXBuildFile; fileRef = 86802CE5285CA5DE00978A6D /* BookCategoryButton.swift */; };
		86802CE8285CA64C00978A6D /* HomeViewViewModel.swift in Sources */ = {isa = PBXBuildFile; fileRef = 86802CE7285CA64C00978A6D /* HomeViewViewModel.swift */; };
		86A0325A28642DDD00AF940E /* Library.swift in Sources */ = {isa = PBXBuildFile; fileRef = 86A0325928642DDD00AF940E /* Library.swift */; };
		86BFFC74285B00D600948743 /* StopWatchViewViewModel.swift in Sources */ = {isa = PBXBuildFile; fileRef = 86BFFC73285B00D600948743 /* StopWatchViewViewModel.swift */; };
		86CD022D286A0CCA006A8CF6 /* AddBookView.swift in Sources */ = {isa = PBXBuildFile; fileRef = 86CD022C286A0CCA006A8CF6 /* AddBookView.swift */; };
		86CD022F286A109B006A8CF6 /* Book.swift in Sources */ = {isa = PBXBuildFile; fileRef = 86CD022E286A109B006A8CF6 /* Book.swift */; };
		86E9BF37285BA18B00EF37EA /* PageCounterView.swift in Sources */ = {isa = PBXBuildFile; fileRef = 86E9BF36285BA18B00EF37EA /* PageCounterView.swift */; };
		86E9BF39285BA19C00EF37EA /* ContentView.swift in Sources */ = {isa = PBXBuildFile; fileRef = 86E9BF38285BA19C00EF37EA /* ContentView.swift */; };
		86E9BF3B285BA22E00EF37EA /* DismissButton.swift in Sources */ = {isa = PBXBuildFile; fileRef = 86E9BF3A285BA22E00EF37EA /* DismissButton.swift */; };
		86E9BF3D285BA24900EF37EA /* SFSymbols-Enum.swift in Sources */ = {isa = PBXBuildFile; fileRef = 86E9BF3C285BA24900EF37EA /* SFSymbols-Enum.swift */; };
		86E9BF3F285BA43100EF37EA /* Background.swift in Sources */ = {isa = PBXBuildFile; fileRef = 86E9BF3E285BA43100EF37EA /* Background.swift */; };
		86E9BF41285C48CF00EF37EA /* PageCounterViewViewModel.swift in Sources */ = {isa = PBXBuildFile; fileRef = 86E9BF40285C48CF00EF37EA /* PageCounterViewViewModel.swift */; };
		86E9BF43285C49E300EF37EA /* ProgressArcCircle.swift in Sources */ = {isa = PBXBuildFile; fileRef = 86E9BF42285C49E300EF37EA /* ProgressArcCircle.swift */; };
		86E9BF4D285C796E00EF37EA /* NavigationTabBar.swift in Sources */ = {isa = PBXBuildFile; fileRef = 86E9BF4C285C796E00EF37EA /* NavigationTabBar.swift */; };
/* End PBXBuildFile section */

/* Begin PBXFileReference section */
		860A06F1286B53E200902121 /* NetworkService.swift */ = {isa = PBXFileReference; lastKnownFileType = sourcecode.swift; path = NetworkService.swift; sourceTree = "<group>"; };
		860A06F3286B548300902121 /* DecodableBook.swift */ = {isa = PBXFileReference; lastKnownFileType = sourcecode.swift; path = DecodableBook.swift; sourceTree = "<group>"; };
		860A06F5286C247900902121 /* RoundedButton.swift */ = {isa = PBXFileReference; lastKnownFileType = sourcecode.swift; path = RoundedButton.swift; sourceTree = "<group>"; };
		860A06F7286D69C400902121 /* String+Ext.swift */ = {isa = PBXFileReference; lastKnownFileType = sourcecode.swift; path = "String+Ext.swift"; sourceTree = "<group>"; };
		860A06F9286F0E4C00902121 /* BookInfoView.swift */ = {isa = PBXFileReference; lastKnownFileType = sourcecode.swift; path = BookInfoView.swift; sourceTree = "<group>"; };
		860A07362871DF7100902121 /* SearchCategory.swift */ = {isa = PBXFileReference; lastKnownFileType = sourcecode.swift; path = SearchCategory.swift; sourceTree = "<group>"; };
		860A07382871F0FE00902121 /* AddBookViewViewModel.swift */ = {isa = PBXFileReference; lastKnownFileType = sourcecode.swift; path = AddBookViewViewModel.swift; sourceTree = "<group>"; };
		8631C25B285A698E00625E39 /* BookTracker.app */ = {isa = PBXFileReference; explicitFileType = wrapper.application; includeInIndex = 0; path = BookTracker.app; sourceTree = BUILT_PRODUCTS_DIR; };
		8631C25E285A698E00625E39 /* BookTrackerApp.swift */ = {isa = PBXFileReference; lastKnownFileType = sourcecode.swift; path = BookTrackerApp.swift; sourceTree = "<group>"; };
		8631C260285A698E00625E39 /* StopWatchView.swift */ = {isa = PBXFileReference; lastKnownFileType = sourcecode.swift; path = StopWatchView.swift; sourceTree = "<group>"; };
		8631C262285A698F00625E39 /* Assets.xcassets */ = {isa = PBXFileReference; lastKnownFileType = folder.assetcatalog; path = Assets.xcassets; sourceTree = "<group>"; };
		8631C265285A698F00625E39 /* Preview Assets.xcassets */ = {isa = PBXFileReference; lastKnownFileType = folder.assetcatalog; path = "Preview Assets.xcassets"; sourceTree = "<group>"; };
		8631C26C285A6A9300625E39 /* Assets-Enum.swift */ = {isa = PBXFileReference; lastKnownFileType = sourcecode.swift; path = "Assets-Enum.swift"; sourceTree = "<group>"; };
		8631C26E285A6D7800625E39 /* ProgressCircle.swift */ = {isa = PBXFileReference; lastKnownFileType = sourcecode.swift; path = ProgressCircle.swift; sourceTree = "<group>"; };
		8631C270285A730D00625E39 /* StopWatchButton.swift */ = {isa = PBXFileReference; lastKnownFileType = sourcecode.swift; path = StopWatchButton.swift; sourceTree = "<group>"; };
		8631C272285A741100625E39 /* Colors+Ext.swift */ = {isa = PBXFileReference; lastKnownFileType = sourcecode.swift; path = "Colors+Ext.swift"; sourceTree = "<group>"; };
		863F65902873542F00FFBEE8 /* Conversion.swift */ = {isa = PBXFileReference; lastKnownFileType = sourcecode.swift; path = Conversion.swift; sourceTree = "<group>"; };
		863F65942873580B00FFBEE8 /* LocalOnlyContentView.swift */ = {isa = PBXFileReference; lastKnownFileType = sourcecode.swift; path = LocalOnlyContentView.swift; sourceTree = "<group>"; };
		863F65962873592600FFBEE8 /* EmptyView.swift */ = {isa = PBXFileReference; lastKnownFileType = sourcecode.swift; path = EmptyView.swift; sourceTree = "<group>"; };
		86802CD9285C971E00978A6D /* ViewRouter.swift */ = {isa = PBXFileReference; lastKnownFileType = sourcecode.swift; path = ViewRouter.swift; sourceTree = "<group>"; };
		86802CDB285C994B00978A6D /* TabBarIcon.swift */ = {isa = PBXFileReference; lastKnownFileType = sourcecode.swift; path = TabBarIcon.swift; sourceTree = "<group>"; };
		86802CDD285C9ADA00978A6D /* HomeView.swift */ = {isa = PBXFileReference; lastKnownFileType = sourcecode.swift; path = HomeView.swift; sourceTree = "<group>"; };
		86802CDF285C9AE100978A6D /* MoreView.swift */ = {isa = PBXFileReference; lastKnownFileType = sourcecode.swift; path = MoreView.swift; sourceTree = "<group>"; };
		86802CE5285CA5DE00978A6D /* BookCategoryButton.swift */ = {isa = PBXFileReference; lastKnownFileType = sourcecode.swift; path = BookCategoryButton.swift; sourceTree = "<group>"; };
		86802CE7285CA64C00978A6D /* HomeViewViewModel.swift */ = {isa = PBXFileReference; lastKnownFileType = sourcecode.swift; path = HomeViewViewModel.swift; sourceTree = "<group>"; };
		86A0325928642DDD00AF940E /* Library.swift */ = {isa = PBXFileReference; lastKnownFileType = sourcecode.swift; path = Library.swift; sourceTree = "<group>"; };
		86BFFC73285B00D600948743 /* StopWatchViewViewModel.swift */ = {isa = PBXFileReference; lastKnownFileType = sourcecode.swift; path = StopWatchViewViewModel.swift; sourceTree = "<group>"; };
		86CD022C286A0CCA006A8CF6 /* AddBookView.swift */ = {isa = PBXFileReference; lastKnownFileType = sourcecode.swift; path = AddBookView.swift; sourceTree = "<group>"; };
		86CD022E286A109B006A8CF6 /* Book.swift */ = {isa = PBXFileReference; lastKnownFileType = sourcecode.swift; path = Book.swift; sourceTree = "<group>"; };
		86E9BF36285BA18B00EF37EA /* PageCounterView.swift */ = {isa = PBXFileReference; lastKnownFileType = sourcecode.swift; path = PageCounterView.swift; sourceTree = "<group>"; };
		86E9BF38285BA19C00EF37EA /* ContentView.swift */ = {isa = PBXFileReference; lastKnownFileType = sourcecode.swift; path = ContentView.swift; sourceTree = "<group>"; };
		86E9BF3A285BA22E00EF37EA /* DismissButton.swift */ = {isa = PBXFileReference; lastKnownFileType = sourcecode.swift; path = DismissButton.swift; sourceTree = "<group>"; };
		86E9BF3C285BA24900EF37EA /* SFSymbols-Enum.swift */ = {isa = PBXFileReference; lastKnownFileType = sourcecode.swift; path = "SFSymbols-Enum.swift"; sourceTree = "<group>"; };
		86E9BF3E285BA43100EF37EA /* Background.swift */ = {isa = PBXFileReference; lastKnownFileType = sourcecode.swift; path = Background.swift; sourceTree = "<group>"; };
		86E9BF40285C48CF00EF37EA /* PageCounterViewViewModel.swift */ = {isa = PBXFileReference; lastKnownFileType = sourcecode.swift; path = PageCounterViewViewModel.swift; sourceTree = "<group>"; };
		86E9BF42285C49E300EF37EA /* ProgressArcCircle.swift */ = {isa = PBXFileReference; lastKnownFileType = sourcecode.swift; path = ProgressArcCircle.swift; sourceTree = "<group>"; };
		86E9BF4C285C796E00EF37EA /* NavigationTabBar.swift */ = {isa = PBXFileReference; lastKnownFileType = sourcecode.swift; path = NavigationTabBar.swift; sourceTree = "<group>"; };
/* End PBXFileReference section */

/* Begin PBXFrameworksBuildPhase section */
		8631C258285A698E00625E39 /* Frameworks */ = {
			isa = PBXFrameworksBuildPhase;
			buildActionMask = 2147483647;
			files = (
				863F658F2872E61300FFBEE8 /* RealmSwift in Frameworks */,
				863F658D2872E61300FFBEE8 /* Realm in Frameworks */,
				860A06EF286B539400902121 /* Alamofire in Frameworks */,
			);
			runOnlyForDeploymentPostprocessing = 0;
		};
/* End PBXFrameworksBuildPhase section */

/* Begin PBXGroup section */
		860A06F0286B53B500902121 /* Model */ = {
			isa = PBXGroup;
			children = (
				863F65922873571000FFBEE8 /* Objects */,
				863F65932873571B00FFBEE8 /* Services */,
			);
			path = Model;
			sourceTree = "<group>";
		};
		8631C252285A698E00625E39 = {
			isa = PBXGroup;
			children = (
				8631C25D285A698E00625E39 /* BookTracker */,
				8631C25C285A698E00625E39 /* Products */,
			);
			sourceTree = "<group>";
		};
		8631C25C285A698E00625E39 /* Products */ = {
			isa = PBXGroup;
			children = (
				8631C25B285A698E00625E39 /* BookTracker.app */,
			);
			name = Products;
			sourceTree = "<group>";
		};
		8631C25D285A698E00625E39 /* BookTracker */ = {
			isa = PBXGroup;
			children = (
				860A06F0286B53B500902121 /* Model */,
				86E9BF45285C4B5C00EF37EA /* View */,
				86E9BF48285C4B7C00EF37EA /* ViewModel */,
				86E9BF49285C4B8400EF37EA /* Utils */,
				86E9BF44285C4B5100EF37EA /* Support */,
				8631C264285A698F00625E39 /* Preview Content */,
			);
			path = BookTracker;
			sourceTree = "<group>";
		};
		8631C264285A698F00625E39 /* Preview Content */ = {
			isa = PBXGroup;
			children = (
				8631C265285A698F00625E39 /* Preview Assets.xcassets */,
			);
			path = "Preview Content";
			sourceTree = "<group>";
		};
		863F65922873571000FFBEE8 /* Objects */ = {
			isa = PBXGroup;
			children = (
				86A0325928642DDD00AF940E /* Library.swift */,
				86CD022E286A109B006A8CF6 /* Book.swift */,
				860A06F3286B548300902121 /* DecodableBook.swift */,
				860A07362871DF7100902121 /* SearchCategory.swift */,
			);
			name = Objects;
			sourceTree = "<group>";
		};
		863F65932873571B00FFBEE8 /* Services */ = {
			isa = PBXGroup;
			children = (
				860A06F1286B53E200902121 /* NetworkService.swift */,
				863F65902873542F00FFBEE8 /* Conversion.swift */,
			);
			name = Services;
			sourceTree = "<group>";
		};
		86E9BF44285C4B5100EF37EA /* Support */ = {
			isa = PBXGroup;
			children = (
				8631C25E285A698E00625E39 /* BookTrackerApp.swift */,
				8631C262285A698F00625E39 /* Assets.xcassets */,
			);
			path = Support;
			sourceTree = "<group>";
		};
		86E9BF45285C4B5C00EF37EA /* View */ = {
			isa = PBXGroup;
			children = (
				86E9BF47285C4B7000EF37EA /* Components */,
				86E9BF46285C4B6200EF37EA /* Screens */,
			);
			path = View;
			sourceTree = "<group>";
		};
		86E9BF46285C4B6200EF37EA /* Screens */ = {
			isa = PBXGroup;
			children = (
				86E9BF38285BA19C00EF37EA /* ContentView.swift */,
				86802CDD285C9ADA00978A6D /* HomeView.swift */,
				86802CDF285C9AE100978A6D /* MoreView.swift */,
				8631C260285A698E00625E39 /* StopWatchView.swift */,
				86E9BF36285BA18B00EF37EA /* PageCounterView.swift */,
				86CD022C286A0CCA006A8CF6 /* AddBookView.swift */,
				860A06F9286F0E4C00902121 /* BookInfoView.swift */,
				863F65942873580B00FFBEE8 /* LocalOnlyContentView.swift */,
				863F65962873592600FFBEE8 /* EmptyView.swift */,
			);
			path = Screens;
			sourceTree = "<group>";
		};
		86E9BF47285C4B7000EF37EA /* Components */ = {
			isa = PBXGroup;
			children = (
				86E9BF4C285C796E00EF37EA /* NavigationTabBar.swift */,
				86802CDB285C994B00978A6D /* TabBarIcon.swift */,
				86E9BF3E285BA43100EF37EA /* Background.swift */,
				86802CE5285CA5DE00978A6D /* BookCategoryButton.swift */,
				86E9BF3A285BA22E00EF37EA /* DismissButton.swift */,
				8631C26E285A6D7800625E39 /* ProgressCircle.swift */,
				86E9BF42285C49E300EF37EA /* ProgressArcCircle.swift */,
				8631C270285A730D00625E39 /* StopWatchButton.swift */,
				860A06F5286C247900902121 /* RoundedButton.swift */,
			);
			path = Components;
			sourceTree = "<group>";
		};
		86E9BF48285C4B7C00EF37EA /* ViewModel */ = {
			isa = PBXGroup;
			children = (
				86802CD9285C971E00978A6D /* ViewRouter.swift */,
				86802CE7285CA64C00978A6D /* HomeViewViewModel.swift */,
				860A07382871F0FE00902121 /* AddBookViewViewModel.swift */,
				86E9BF40285C48CF00EF37EA /* PageCounterViewViewModel.swift */,
				86BFFC73285B00D600948743 /* StopWatchViewViewModel.swift */,
			);
			path = ViewModel;
			sourceTree = "<group>";
		};
		86E9BF49285C4B8400EF37EA /* Utils */ = {
			isa = PBXGroup;
			children = (
				86E9BF4A285C4B8A00EF37EA /* Enum */,
				86E9BF4B285C4B9000EF37EA /* Extension */,
			);
			path = Utils;
			sourceTree = "<group>";
		};
		86E9BF4A285C4B8A00EF37EA /* Enum */ = {
			isa = PBXGroup;
			children = (
				8631C26C285A6A9300625E39 /* Assets-Enum.swift */,
				86E9BF3C285BA24900EF37EA /* SFSymbols-Enum.swift */,
			);
			path = Enum;
			sourceTree = "<group>";
		};
		86E9BF4B285C4B9000EF37EA /* Extension */ = {
			isa = PBXGroup;
			children = (
				8631C272285A741100625E39 /* Colors+Ext.swift */,
				860A06F7286D69C400902121 /* String+Ext.swift */,
			);
			path = Extension;
			sourceTree = "<group>";
		};
/* End PBXGroup section */

/* Begin PBXNativeTarget section */
		8631C25A285A698E00625E39 /* BookTracker */ = {
			isa = PBXNativeTarget;
			buildConfigurationList = 8631C269285A698F00625E39 /* Build configuration list for PBXNativeTarget "BookTracker" */;
			buildPhases = (
				8631C257285A698E00625E39 /* Sources */,
				8631C258285A698E00625E39 /* Frameworks */,
				8631C259285A698E00625E39 /* Resources */,
			);
			buildRules = (
			);
			dependencies = (
			);
			name = BookTracker;
			packageProductDependencies = (
				860A06EE286B539400902121 /* Alamofire */,
				863F658C2872E61300FFBEE8 /* Realm */,
				863F658E2872E61300FFBEE8 /* RealmSwift */,
			);
			productName = BookTracker;
			productReference = 8631C25B285A698E00625E39 /* BookTracker.app */;
			productType = "com.apple.product-type.application";
		};
/* End PBXNativeTarget section */

/* Begin PBXProject section */
		8631C253285A698E00625E39 /* Project object */ = {
			isa = PBXProject;
			attributes = {
				BuildIndependentTargetsInParallel = 1;
				LastSwiftUpdateCheck = 1340;
				LastUpgradeCheck = 1340;
				TargetAttributes = {
					8631C25A285A698E00625E39 = {
						CreatedOnToolsVersion = 13.4.1;
					};
				};
			};
			buildConfigurationList = 8631C256285A698E00625E39 /* Build configuration list for PBXProject "BookTracker" */;
			compatibilityVersion = "Xcode 13.0";
			developmentRegion = en;
			hasScannedForEncodings = 0;
			knownRegions = (
				en,
				Base,
			);
			mainGroup = 8631C252285A698E00625E39;
			packageReferences = (
				860A06ED286B539400902121 /* XCRemoteSwiftPackageReference "Alamofire" */,
				863F658B2872E61300FFBEE8 /* XCRemoteSwiftPackageReference "realm-swift" */,
			);
			productRefGroup = 8631C25C285A698E00625E39 /* Products */;
			projectDirPath = "";
			projectRoot = "";
			targets = (
				8631C25A285A698E00625E39 /* BookTracker */,
			);
		};
/* End PBXProject section */

/* Begin PBXResourcesBuildPhase section */
		8631C259285A698E00625E39 /* Resources */ = {
			isa = PBXResourcesBuildPhase;
			buildActionMask = 2147483647;
			files = (
				8631C266285A698F00625E39 /* Preview Assets.xcassets in Resources */,
				8631C263285A698F00625E39 /* Assets.xcassets in Resources */,
			);
			runOnlyForDeploymentPostprocessing = 0;
		};
/* End PBXResourcesBuildPhase section */

/* Begin PBXSourcesBuildPhase section */
		8631C257285A698E00625E39 /* Sources */ = {
			isa = PBXSourcesBuildPhase;
			buildActionMask = 2147483647;
			files = (
				86E9BF37285BA18B00EF37EA /* PageCounterView.swift in Sources */,
				86802CE8285CA64C00978A6D /* HomeViewViewModel.swift in Sources */,
				860A06F4286B548300902121 /* DecodableBook.swift in Sources */,
				8631C273285A741100625E39 /* Colors+Ext.swift in Sources */,
				86E9BF41285C48CF00EF37EA /* PageCounterViewViewModel.swift in Sources */,
				8631C261285A698E00625E39 /* StopWatchView.swift in Sources */,
				860A06F2286B53E200902121 /* NetworkService.swift in Sources */,
				86BFFC74285B00D600948743 /* StopWatchViewViewModel.swift in Sources */,
				86E9BF43285C49E300EF37EA /* ProgressArcCircle.swift in Sources */,
				863F65952873580B00FFBEE8 /* LocalOnlyContentView.swift in Sources */,
				8631C25F285A698E00625E39 /* BookTrackerApp.swift in Sources */,
				86CD022F286A109B006A8CF6 /* Book.swift in Sources */,
				86802CDA285C971E00978A6D /* ViewRouter.swift in Sources */,
				86802CDC285C994B00978A6D /* TabBarIcon.swift in Sources */,
				860A06F6286C247900902121 /* RoundedButton.swift in Sources */,
				86802CDE285C9ADA00978A6D /* HomeView.swift in Sources */,
				86E9BF39285BA19C00EF37EA /* ContentView.swift in Sources */,
				860A06FA286F0E4C00902121 /* BookInfoView.swift in Sources */,
				863F65912873542F00FFBEE8 /* Conversion.swift in Sources */,
				8631C271285A730D00625E39 /* StopWatchButton.swift in Sources */,
				86E9BF4D285C796E00EF37EA /* NavigationTabBar.swift in Sources */,
				860A07392871F0FE00902121 /* AddBookViewViewModel.swift in Sources */,
				86CD022D286A0CCA006A8CF6 /* AddBookView.swift in Sources */,
				86802CE6285CA5DE00978A6D /* BookCategoryButton.swift in Sources */,
				863F65972873592600FFBEE8 /* EmptyView.swift in Sources */,
				86802CE0285C9AE100978A6D /* MoreView.swift in Sources */,
				8631C26F285A6D7800625E39 /* ProgressCircle.swift in Sources */,
				860A07372871DF7100902121 /* SearchCategory.swift in Sources */,
				860A06F8286D69C400902121 /* String+Ext.swift in Sources */,
				86E9BF3D285BA24900EF37EA /* SFSymbols-Enum.swift in Sources */,
				86E9BF3B285BA22E00EF37EA /* DismissButton.swift in Sources */,
				8631C26D285A6A9300625E39 /* Assets-Enum.swift in Sources */,
				86A0325A28642DDD00AF940E /* Library.swift in Sources */,
				86E9BF3F285BA43100EF37EA /* Background.swift in Sources */,
			);
			runOnlyForDeploymentPostprocessing = 0;
		};
/* End PBXSourcesBuildPhase section */

/* Begin XCBuildConfiguration section */
		8631C267285A698F00625E39 /* Debug */ = {
			isa = XCBuildConfiguration;
			buildSettings = {
				ALWAYS_SEARCH_USER_PATHS = NO;
				CLANG_ANALYZER_NONNULL = YES;
				CLANG_ANALYZER_NUMBER_OBJECT_CONVERSION = YES_AGGRESSIVE;
				CLANG_CXX_LANGUAGE_STANDARD = "gnu++17";
				CLANG_ENABLE_MODULES = YES;
				CLANG_ENABLE_OBJC_ARC = YES;
				CLANG_ENABLE_OBJC_WEAK = YES;
				CLANG_WARN_BLOCK_CAPTURE_AUTORELEASING = YES;
				CLANG_WARN_BOOL_CONVERSION = YES;
				CLANG_WARN_COMMA = YES;
				CLANG_WARN_CONSTANT_CONVERSION = YES;
				CLANG_WARN_DEPRECATED_OBJC_IMPLEMENTATIONS = YES;
				CLANG_WARN_DIRECT_OBJC_ISA_USAGE = YES_ERROR;
				CLANG_WARN_DOCUMENTATION_COMMENTS = YES;
				CLANG_WARN_EMPTY_BODY = YES;
				CLANG_WARN_ENUM_CONVERSION = YES;
				CLANG_WARN_INFINITE_RECURSION = YES;
				CLANG_WARN_INT_CONVERSION = YES;
				CLANG_WARN_NON_LITERAL_NULL_CONVERSION = YES;
				CLANG_WARN_OBJC_IMPLICIT_RETAIN_SELF = YES;
				CLANG_WARN_OBJC_LITERAL_CONVERSION = YES;
				CLANG_WARN_OBJC_ROOT_CLASS = YES_ERROR;
				CLANG_WARN_QUOTED_INCLUDE_IN_FRAMEWORK_HEADER = YES;
				CLANG_WARN_RANGE_LOOP_ANALYSIS = YES;
				CLANG_WARN_STRICT_PROTOTYPES = YES;
				CLANG_WARN_SUSPICIOUS_MOVE = YES;
				CLANG_WARN_UNGUARDED_AVAILABILITY = YES_AGGRESSIVE;
				CLANG_WARN_UNREACHABLE_CODE = YES;
				CLANG_WARN__DUPLICATE_METHOD_MATCH = YES;
				COPY_PHASE_STRIP = NO;
				DEBUG_INFORMATION_FORMAT = dwarf;
				ENABLE_STRICT_OBJC_MSGSEND = YES;
				ENABLE_TESTABILITY = YES;
				GCC_C_LANGUAGE_STANDARD = gnu11;
				GCC_DYNAMIC_NO_PIC = NO;
				GCC_NO_COMMON_BLOCKS = YES;
				GCC_OPTIMIZATION_LEVEL = 0;
				GCC_PREPROCESSOR_DEFINITIONS = (
					"DEBUG=1",
					"$(inherited)",
				);
				GCC_WARN_64_TO_32_BIT_CONVERSION = YES;
				GCC_WARN_ABOUT_RETURN_TYPE = YES_ERROR;
				GCC_WARN_UNDECLARED_SELECTOR = YES;
				GCC_WARN_UNINITIALIZED_AUTOS = YES_AGGRESSIVE;
				GCC_WARN_UNUSED_FUNCTION = YES;
				GCC_WARN_UNUSED_VARIABLE = YES;
				IPHONEOS_DEPLOYMENT_TARGET = 15.5;
				MTL_ENABLE_DEBUG_INFO = INCLUDE_SOURCE;
				MTL_FAST_MATH = YES;
				ONLY_ACTIVE_ARCH = YES;
				SDKROOT = iphoneos;
				SWIFT_ACTIVE_COMPILATION_CONDITIONS = DEBUG;
				SWIFT_OPTIMIZATION_LEVEL = "-Onone";
			};
			name = Debug;
		};
		8631C268285A698F00625E39 /* Release */ = {
			isa = XCBuildConfiguration;
			buildSettings = {
				ALWAYS_SEARCH_USER_PATHS = NO;
				CLANG_ANALYZER_NONNULL = YES;
				CLANG_ANALYZER_NUMBER_OBJECT_CONVERSION = YES_AGGRESSIVE;
				CLANG_CXX_LANGUAGE_STANDARD = "gnu++17";
				CLANG_ENABLE_MODULES = YES;
				CLANG_ENABLE_OBJC_ARC = YES;
				CLANG_ENABLE_OBJC_WEAK = YES;
				CLANG_WARN_BLOCK_CAPTURE_AUTORELEASING = YES;
				CLANG_WARN_BOOL_CONVERSION = YES;
				CLANG_WARN_COMMA = YES;
				CLANG_WARN_CONSTANT_CONVERSION = YES;
				CLANG_WARN_DEPRECATED_OBJC_IMPLEMENTATIONS = YES;
				CLANG_WARN_DIRECT_OBJC_ISA_USAGE = YES_ERROR;
				CLANG_WARN_DOCUMENTATION_COMMENTS = YES;
				CLANG_WARN_EMPTY_BODY = YES;
				CLANG_WARN_ENUM_CONVERSION = YES;
				CLANG_WARN_INFINITE_RECURSION = YES;
				CLANG_WARN_INT_CONVERSION = YES;
				CLANG_WARN_NON_LITERAL_NULL_CONVERSION = YES;
				CLANG_WARN_OBJC_IMPLICIT_RETAIN_SELF = YES;
				CLANG_WARN_OBJC_LITERAL_CONVERSION = YES;
				CLANG_WARN_OBJC_ROOT_CLASS = YES_ERROR;
				CLANG_WARN_QUOTED_INCLUDE_IN_FRAMEWORK_HEADER = YES;
				CLANG_WARN_RANGE_LOOP_ANALYSIS = YES;
				CLANG_WARN_STRICT_PROTOTYPES = YES;
				CLANG_WARN_SUSPICIOUS_MOVE = YES;
				CLANG_WARN_UNGUARDED_AVAILABILITY = YES_AGGRESSIVE;
				CLANG_WARN_UNREACHABLE_CODE = YES;
				CLANG_WARN__DUPLICATE_METHOD_MATCH = YES;
				COPY_PHASE_STRIP = NO;
				DEBUG_INFORMATION_FORMAT = "dwarf-with-dsym";
				ENABLE_NS_ASSERTIONS = NO;
				ENABLE_STRICT_OBJC_MSGSEND = YES;
				GCC_C_LANGUAGE_STANDARD = gnu11;
				GCC_NO_COMMON_BLOCKS = YES;
				GCC_WARN_64_TO_32_BIT_CONVERSION = YES;
				GCC_WARN_ABOUT_RETURN_TYPE = YES_ERROR;
				GCC_WARN_UNDECLARED_SELECTOR = YES;
				GCC_WARN_UNINITIALIZED_AUTOS = YES_AGGRESSIVE;
				GCC_WARN_UNUSED_FUNCTION = YES;
				GCC_WARN_UNUSED_VARIABLE = YES;
				IPHONEOS_DEPLOYMENT_TARGET = 15.5;
				MTL_ENABLE_DEBUG_INFO = NO;
				MTL_FAST_MATH = YES;
				SDKROOT = iphoneos;
				SWIFT_COMPILATION_MODE = wholemodule;
				SWIFT_OPTIMIZATION_LEVEL = "-O";
				VALIDATE_PRODUCT = YES;
			};
			name = Release;
		};
		8631C26A285A698F00625E39 /* Debug */ = {
			isa = XCBuildConfiguration;
			buildSettings = {
				ASSETCATALOG_COMPILER_APPICON_NAME = AppIcon;
				ASSETCATALOG_COMPILER_GLOBAL_ACCENT_COLOR_NAME = AccentColor;
				CODE_SIGN_STYLE = Automatic;
				CURRENT_PROJECT_VERSION = 1;
				DEVELOPMENT_ASSET_PATHS = "\"BookTracker/Preview Content\"";
				DEVELOPMENT_TEAM = N96T5K2D2H;
				ENABLE_PREVIEWS = YES;
				GENERATE_INFOPLIST_FILE = YES;
				INFOPLIST_KEY_UIApplicationSceneManifest_Generation = YES;
				INFOPLIST_KEY_UIApplicationSupportsIndirectInputEvents = YES;
				INFOPLIST_KEY_UILaunchScreen_Generation = YES;
				INFOPLIST_KEY_UISupportedInterfaceOrientations_iPad = "UIInterfaceOrientationPortrait UIInterfaceOrientationPortraitUpsideDown UIInterfaceOrientationLandscapeLeft UIInterfaceOrientationLandscapeRight";
				INFOPLIST_KEY_UISupportedInterfaceOrientations_iPhone = "UIInterfaceOrientationPortrait UIInterfaceOrientationLandscapeLeft UIInterfaceOrientationLandscapeRight";
				LD_RUNPATH_SEARCH_PATHS = (
					"$(inherited)",
					"@executable_path/Frameworks",
				);
				MARKETING_VERSION = 1.0;
				PRODUCT_BUNDLE_IDENTIFIER = oriapy.BookTracker;
				PRODUCT_NAME = "$(TARGET_NAME)";
				SWIFT_EMIT_LOC_STRINGS = YES;
				SWIFT_VERSION = 5.0;
				TARGETED_DEVICE_FAMILY = "1,2";
			};
			name = Debug;
		};
		8631C26B285A698F00625E39 /* Release */ = {
			isa = XCBuildConfiguration;
			buildSettings = {
				ASSETCATALOG_COMPILER_APPICON_NAME = AppIcon;
				ASSETCATALOG_COMPILER_GLOBAL_ACCENT_COLOR_NAME = AccentColor;
				CODE_SIGN_STYLE = Automatic;
				CURRENT_PROJECT_VERSION = 1;
				DEVELOPMENT_ASSET_PATHS = "\"BookTracker/Preview Content\"";
				DEVELOPMENT_TEAM = N96T5K2D2H;
				ENABLE_PREVIEWS = YES;
				GENERATE_INFOPLIST_FILE = YES;
				INFOPLIST_KEY_UIApplicationSceneManifest_Generation = YES;
				INFOPLIST_KEY_UIApplicationSupportsIndirectInputEvents = YES;
				INFOPLIST_KEY_UILaunchScreen_Generation = YES;
				INFOPLIST_KEY_UISupportedInterfaceOrientations_iPad = "UIInterfaceOrientationPortrait UIInterfaceOrientationPortraitUpsideDown UIInterfaceOrientationLandscapeLeft UIInterfaceOrientationLandscapeRight";
				INFOPLIST_KEY_UISupportedInterfaceOrientations_iPhone = "UIInterfaceOrientationPortrait UIInterfaceOrientationLandscapeLeft UIInterfaceOrientationLandscapeRight";
				LD_RUNPATH_SEARCH_PATHS = (
					"$(inherited)",
					"@executable_path/Frameworks",
				);
				MARKETING_VERSION = 1.0;
				PRODUCT_BUNDLE_IDENTIFIER = oriapy.BookTracker;
				PRODUCT_NAME = "$(TARGET_NAME)";
				SWIFT_EMIT_LOC_STRINGS = YES;
				SWIFT_VERSION = 5.0;
				TARGETED_DEVICE_FAMILY = "1,2";
			};
			name = Release;
		};
/* End XCBuildConfiguration section */

/* Begin XCConfigurationList section */
		8631C256285A698E00625E39 /* Build configuration list for PBXProject "BookTracker" */ = {
			isa = XCConfigurationList;
			buildConfigurations = (
				8631C267285A698F00625E39 /* Debug */,
				8631C268285A698F00625E39 /* Release */,
			);
			defaultConfigurationIsVisible = 0;
			defaultConfigurationName = Release;
		};
		8631C269285A698F00625E39 /* Build configuration list for PBXNativeTarget "BookTracker" */ = {
			isa = XCConfigurationList;
			buildConfigurations = (
				8631C26A285A698F00625E39 /* Debug */,
				8631C26B285A698F00625E39 /* Release */,
			);
			defaultConfigurationIsVisible = 0;
			defaultConfigurationName = Release;
		};
/* End XCConfigurationList section */

/* Begin XCRemoteSwiftPackageReference section */
		860A06ED286B539400902121 /* XCRemoteSwiftPackageReference "Alamofire" */ = {
			isa = XCRemoteSwiftPackageReference;
			repositoryURL = "https://github.com/Alamofire/Alamofire.git";
			requirement = {
				kind = upToNextMajorVersion;
				minimumVersion = 5.0.0;
			};
		};
		863F658B2872E61300FFBEE8 /* XCRemoteSwiftPackageReference "realm-swift" */ = {
			isa = XCRemoteSwiftPackageReference;
			repositoryURL = "https://github.com/realm/realm-swift.git";
			requirement = {
				branch = master;
				kind = branch;
			};
		};
/* End XCRemoteSwiftPackageReference section */

/* Begin XCSwiftPackageProductDependency section */
		860A06EE286B539400902121 /* Alamofire */ = {
			isa = XCSwiftPackageProductDependency;
			package = 860A06ED286B539400902121 /* XCRemoteSwiftPackageReference "Alamofire" */;
			productName = Alamofire;
		};
		863F658C2872E61300FFBEE8 /* Realm */ = {
			isa = XCSwiftPackageProductDependency;
			package = 863F658B2872E61300FFBEE8 /* XCRemoteSwiftPackageReference "realm-swift" */;
			productName = Realm;
		};
		863F658E2872E61300FFBEE8 /* RealmSwift */ = {
			isa = XCSwiftPackageProductDependency;
			package = 863F658B2872E61300FFBEE8 /* XCRemoteSwiftPackageReference "realm-swift" */;
			productName = RealmSwift;
		};
/* End XCSwiftPackageProductDependency section */
	};
	rootObject = 8631C253285A698E00625E39 /* Project object */;
}
